[[package]]
name = "pygame"
version = "2.1.2"
description = "Python Game Development"
category = "main"
optional = false
python-versions = ">=3.6"

[[package]]
name = "pytmx"
version = "3.31"
description = "Loads tiled tmx maps"
category = "main"
optional = false
python-versions = ">=3.7"

[metadata]
lock-version = "1.1"
python-versions = "^3.8"
content-hash = "b9e6ec77f73ceddfd75fb3b560cc94f26a9873d680e91c1b9ebbe07d37931b7e"

[metadata.files]
pygame = []
pytmx = []
